// !$*UTF8*$!
{
	archiveVersion = 1;
	classes = {
	};
	objectVersion = 46;
	objects = {

/* Begin PBXBuildFile section */
		4DFB43701C70CABC00D5F725 /* AppDelegate.swift in Sources */ = {isa = PBXBuildFile; fileRef = 4DFB436F1C70CABC00D5F725 /* AppDelegate.swift */; };
		4DFB43721C70CABC00D5F725 /* ViewController.swift in Sources */ = {isa = PBXBuildFile; fileRef = 4DFB43711C70CABC00D5F725 /* ViewController.swift */; };
		4DFB43751C70CABC00D5F725 /* Main.storyboard in Resources */ = {isa = PBXBuildFile; fileRef = 4DFB43731C70CABC00D5F725 /* Main.storyboard */; };
		4DFB43771C70CABC00D5F725 /* Assets.xcassets in Resources */ = {isa = PBXBuildFile; fileRef = 4DFB43761C70CABC00D5F725 /* Assets.xcassets */; };
		4DFB437A1C70CABC00D5F725 /* LaunchScreen.storyboard in Resources */ = {isa = PBXBuildFile; fileRef = 4DFB43781C70CABC00D5F725 /* LaunchScreen.storyboard */; };
		4DFB43851C70CABC00D5F725 /* WordlisthonbanTests.swift in Sources */ = {isa = PBXBuildFile; fileRef = 4DFB43841C70CABC00D5F725 /* WordlisthonbanTests.swift */; };
		4DFB43901C70CABC00D5F725 /* WordlisthonbanUITests.swift in Sources */ = {isa = PBXBuildFile; fileRef = 4DFB438F1C70CABC00D5F725 /* WordlisthonbanUITests.swift */; };
/* End PBXBuildFile section */

/* Begin PBXContainerItemProxy section */
		4DFB43811C70CABC00D5F725 /* PBXContainerItemProxy */ = {
			isa = PBXContainerItemProxy;
			containerPortal = 4DFB43641C70CABC00D5F725 /* Project object */;
			proxyType = 1;
			remoteGlobalIDString = 4DFB436B1C70CABC00D5F725;
			remoteInfo = Wordlisthonban;
		};
		4DFB438C1C70CABC00D5F725 /* PBXContainerItemProxy */ = {
			isa = PBXContainerItemProxy;
			containerPortal = 4DFB43641C70CABC00D5F725 /* Project object */;
			proxyType = 1;
			remoteGlobalIDString = 4DFB436B1C70CABC00D5F725;
			remoteInfo = Wordlisthonban;
		};
/* End PBXContainerItemProxy section */

/* Begin PBXFileReference section */
		4DFB436C1C70CABC00D5F725 /* Wordlisthonban.app */ = {isa = PBXFileReference; explicitFileType = wrapper.application; includeInIndex = 0; path = Wordlisthonban.app; sourceTree = BUILT_PRODUCTS_DIR; };
		4DFB436F1C70CABC00D5F725 /* AppDelegate.swift */ = {isa = PBXFileReference; lastKnownFileType = sourcecode.swift; path = AppDelegate.swift; sourceTree = "<group>"; };
		4DFB43711C70CABC00D5F725 /* ViewController.swift */ = {isa = PBXFileReference; lastKnownFileType = sourcecode.swift; path = ViewController.swift; sourceTree = "<group>"; };
		4DFB43741C70CABC00D5F725 /* Base */ = {isa = PBXFileReference; lastKnownFileType = file.storyboard; name = Base; path = Base.lproj/Main.storyboard; sourceTree = "<group>"; };
		4DFB43761C70CABC00D5F725 /* Assets.xcassets */ = {isa = PBXFileReference; lastKnownFileType = folder.assetcatalog; path = Assets.xcassets; sourceTree = "<group>"; };
		4DFB43791C70CABC00D5F725 /* Base */ = {isa = PBXFileReference; lastKnownFileType = file.storyboard; name = Base; path = Base.lproj/LaunchScreen.storyboard; sourceTree = "<group>"; };
		4DFB437B1C70CABC00D5F725 /* Info.plist */ = {isa = PBXFileReference; lastKnownFileType = text.plist.xml; path = Info.plist; sourceTree = "<group>"; };
		4DFB43801C70CABC00D5F725 /* WordlisthonbanTests.xctest */ = {isa = PBXFileReference; explicitFileType = wrapper.cfbundle; includeInIndex = 0; path = WordlisthonbanTests.xctest; sourceTree = BUILT_PRODUCTS_DIR; };
		4DFB43841C70CABC00D5F725 /* WordlisthonbanTests.swift */ = {isa = PBXFileReference; lastKnownFileType = sourcecode.swift; path = WordlisthonbanTests.swift; sourceTree = "<group>"; };
		4DFB43861C70CABC00D5F725 /* Info.plist */ = {isa = PBXFileReference; lastKnownFileType = text.plist.xml; path = Info.plist; sourceTree = "<group>"; };
		4DFB438B1C70CABC00D5F725 /* WordlisthonbanUITests.xctest */ = {isa = PBXFileReference; explicitFileType = wrapper.cfbundle; includeInIndex = 0; path = WordlisthonbanUITests.xctest; sourceTree = BUILT_PRODUCTS_DIR; };
		4DFB438F1C70CABC00D5F725 /* WordlisthonbanUITests.swift */ = {isa = PBXFileReference; lastKnownFileType = sourcecode.swift; path = WordlisthonbanUITests.swift; sourceTree = "<group>"; };
		4DFB43911C70CABC00D5F725 /* Info.plist */ = {isa = PBXFileReference; lastKnownFileType = text.plist.xml; path = Info.plist; sourceTree = "<group>"; };
/* End PBXFileReference section */

/* Begin PBXFrameworksBuildPhase section */
		4DFB43691C70CABC00D5F725 /* Frameworks */ = {
			isa = PBXFrameworksBuildPhase;
			buildActionMask = 2147483647;
			files = (
			);
			runOnlyForDeploymentPostprocessing = 0;
		};
		4DFB437D1C70CABC00D5F725 /* Frameworks */ = {
			isa = PBXFrameworksBuildPhase;
			buildActionMask = 2147483647;
			files = (
			);
			runOnlyForDeploymentPostprocessing = 0;
		};
		4DFB43881C70CABC00D5F725 /* Frameworks */ = {
			isa = PBXFrameworksBuildPhase;
			buildActionMask = 2147483647;
			files = (
			);
			runOnlyForDeploymentPostprocessing = 0;
		};
/* End PBXFrameworksBuildPhase section */

/* Begin PBXGroup section */
		4DFB43631C70CABC00D5F725 = {
			isa = PBXGroup;
			children = (
				4DFB436E1C70CABC00D5F725 /* Wordlisthonban */,
				4DFB43831C70CABC00D5F725 /* WordlisthonbanTests */,
				4DFB438E1C70CABC00D5F725 /* WordlisthonbanUITests */,
				4DFB436D1C70CABC00D5F725 /* Products */,
			);
			sourceTree = "<group>";
		};
		4DFB436D1C70CABC00D5F725 /* Products */ = {
			isa = PBXGroup;
			children = (
				4DFB436C1C70CABC00D5F725 /* Wordlisthonban.app */,
				4DFB43801C70CABC00D5F725 /* WordlisthonbanTests.xctest */,
				4DFB438B1C70CABC00D5F725 /* WordlisthonbanUITests.xctest */,
			);
			name = Products;
			sourceTree = "<group>";
		};
		4DFB436E1C70CABC00D5F725 /* Wordlisthonban */ = {
			isa = PBXGroup;
			children = (
				4DFB436F1C70CABC00D5F725 /* AppDelegate.swift */,
				4DFB43711C70CABC00D5F725 /* ViewController.swift */,
				4DFB43731C70CABC00D5F725 /* Main.storyboard */,
				4DFB43761C70CABC00D5F725 /* Assets.xcassets */,
				4DFB43781C70CABC00D5F725 /* LaunchScreen.storyboard */,
				4DFB437B1C70CABC00D5F725 /* Info.plist */,
			);
			path = Wordlisthonban;
			sourceTree = "<group>";
		};
		4DFB43831C70CABC00D5F725 /* WordlisthonbanTests */ = {
			isa = PBXGroup;
			children = (
				4DFB43841C70CABC00D5F725 /* WordlisthonbanTests.swift */,
				4DFB43861C70CABC00D5F725 /* Info.plist */,
			);
			path = WordlisthonbanTests;
			sourceTree = "<group>";
		};
		4DFB438E1C70CABC00D5F725 /* WordlisthonbanUITests */ = {
			isa = PBXGroup;
			children = (
				4DFB438F1C70CABC00D5F725 /* WordlisthonbanUITests.swift */,
				4DFB43911C70CABC00D5F725 /* Info.plist */,
			);
			path = WordlisthonbanUITests;
			sourceTree = "<group>";
		};
/* End PBXGroup section */

/* Begin PBXNativeTarget section */
		4DFB436B1C70CABC00D5F725 /* Wordlisthonban */ = {
			isa = PBXNativeTarget;
			buildConfigurationList = 4DFB43941C70CABC00D5F725 /* Build configuration list for PBXNativeTarget "Wordlisthonban" */;
			buildPhases = (
				4DFB43681C70CABC00D5F725 /* Sources */,
				4DFB43691C70CABC00D5F725 /* Frameworks */,
				4DFB436A1C70CABC00D5F725 /* Resources */,
			);
			buildRules = (
			);
			dependencies = (
			);
			name = Wordlisthonban;
			productName = Wordlisthonban;
			productReference = 4DFB436C1C70CABC00D5F725 /* Wordlisthonban.app */;
			productType = "com.apple.product-type.application";
		};
		4DFB437F1C70CABC00D5F725 /* WordlisthonbanTests */ = {
			isa = PBXNativeTarget;
			buildConfigurationList = 4DFB43971C70CABC00D5F725 /* Build configuration list for PBXNativeTarget "WordlisthonbanTests" */;
			buildPhases = (
				4DFB437C1C70CABC00D5F725 /* Sources */,
				4DFB437D1C70CABC00D5F725 /* Frameworks */,
				4DFB437E1C70CABC00D5F725 /* Resources */,
			);
			buildRules = (
			);
			dependencies = (
				4DFB43821C70CABC00D5F725 /* PBXTargetDependency */,
			);
			name = WordlisthonbanTests;
			productName = WordlisthonbanTests;
			productReference = 4DFB43801C70CABC00D5F725 /* WordlisthonbanTests.xctest */;
			productType = "com.apple.product-type.bundle.unit-test";
		};
		4DFB438A1C70CABC00D5F725 /* WordlisthonbanUITests */ = {
			isa = PBXNativeTarget;
			buildConfigurationList = 4DFB439A1C70CABC00D5F725 /* Build configuration list for PBXNativeTarget "WordlisthonbanUITests" */;
			buildPhases = (
				4DFB43871C70CABC00D5F725 /* Sources */,
				4DFB43881C70CABC00D5F725 /* Frameworks */,
				4DFB43891C70CABC00D5F725 /* Resources */,
			);
			buildRules = (
			);
			dependencies = (
				4DFB438D1C70CABC00D5F725 /* PBXTargetDependency */,
			);
			name = WordlisthonbanUITests;
			productName = WordlisthonbanUITests;
			productReference = 4DFB438B1C70CABC00D5F725 /* WordlisthonbanUITests.xctest */;
			productType = "com.apple.product-type.bundle.ui-testing";
		};
/* End PBXNativeTarget section */

/* Begin PBXProject section */
		4DFB43641C70CABC00D5F725 /* Project object */ = {
			isa = PBXProject;
			attributes = {
				LastSwiftUpdateCheck = 0720;
				LastUpgradeCheck = 0720;
				ORGANIZATIONNAME = com.litech;
				TargetAttributes = {
					4DFB436B1C70CABC00D5F725 = {
						CreatedOnToolsVersion = 7.2.1;
					};
					4DFB437F1C70CABC00D5F725 = {
						CreatedOnToolsVersion = 7.2.1;
						TestTargetID = 4DFB436B1C70CABC00D5F725;
					};
					4DFB438A1C70CABC00D5F725 = {
						CreatedOnToolsVersion = 7.2.1;
						TestTargetID = 4DFB436B1C70CABC00D5F725;
					};
				};
			};
			buildConfigurationList = 4DFB43671C70CABC00D5F725 /* Build configuration list for PBXProject "Wordlisthonban" */;
			compatibilityVersion = "Xcode 3.2";
			developmentRegion = English;
			hasScannedForEncodings = 0;
			knownRegions = (
				en,
				Base,
			);
			mainGroup = 4DFB43631C70CABC00D5F725;
			productRefGroup = 4DFB436D1C70CABC00D5F725 /* Products */;
			projectDirPath = "";
			projectRoot = "";
			targets = (
				4DFB436B1C70CABC00D5F725 /* Wordlisthonban */,
				4DFB437F1C70CABC00D5F725 /* WordlisthonbanTests */,
				4DFB438A1C70CABC00D5F725 /* WordlisthonbanUITests */,
			);
		};
/* End PBXProject section */

/* Begin PBXResourcesBuildPhase section */
		4DFB436A1C70CABC00D5F725 /* Resources */ = {
			isa = PBXResourcesBuildPhase;
			buildActionMask = 2147483647;
			files = (
				4DFB437A1C70CABC00D5F725 /* LaunchScreen.storyboard in Resources */,
				4DFB43771C70CABC00D5F725 /* Assets.xcassets in Resources */,
				4DFB43751C70CABC00D5F725 /* Main.storyboard in Resources */,
			);
			runOnlyForDeploymentPostprocessing = 0;
		};
		4DFB437E1C70CABC00D5F725 /* Resources */ = {
			isa = PBXResourcesBuildPhase;
			buildActionMask = 2147483647;
			files = (
			);
			runOnlyForDeploymentPostprocessing = 0;
		};
		4DFB43891C70CABC00D5F725 /* Resources */ = {
			isa = PBXResourcesBuildPhase;
			buildActionMask = 2147483647;
			files = (
			);
			runOnlyForDeploymentPostprocessing = 0;
		};
/* End PBXResourcesBuildPhase section */

/* Begin PBXSourcesBuildPhase section */
		4DFB43681C70CABC00D5F725 /* Sources */ = {
			isa = PBXSourcesBuildPhase;
			buildActionMask = 2147483647;
			files = (
				4DFB43721C70CABC00D5F725 /* ViewController.swift in Sources */,
				4DFB43701C70CABC00D5F725 /* AppDelegate.swift in Sources */,
			);
			runOnlyForDeploymentPostprocessing = 0;
		};
		4DFB437C1C70CABC00D5F725 /* Sources */ = {
			isa = PBXSourcesBuildPhase;
			buildActionMask = 2147483647;
			files = (
				4DFB43851C70CABC00D5F725 /* WordlisthonbanTests.swift in Sources */,
			);
			runOnlyForDeploymentPostprocessing = 0;
		};
		4DFB43871C70CABC00D5F725 /* Sources */ = {
			isa = PBXSourcesBuildPhase;
			buildActionMask = 2147483647;
			files = (
				4DFB43901C70CABC00D5F725 /* WordlisthonbanUITests.swift in Sources */,
			);
			runOnlyForDeploymentPostprocessing = 0;
		};
/* End PBXSourcesBuildPhase section */

/* Begin PBXTargetDependency section */
		4DFB43821C70CABC00D5F725 /* PBXTargetDependency */ = {
			isa = PBXTargetDependency;
			target = 4DFB436B1C70CABC00D5F725 /* Wordlisthonban */;
			targetProxy = 4DFB43811C70CABC00D5F725 /* PBXContainerItemProxy */;
		};
		4DFB438D1C70CABC00D5F725 /* PBXTargetDependency */ = {
			isa = PBXTargetDependency;
			target = 4DFB436B1C70CABC00D5F725 /* Wordlisthonban */;
			targetProxy = 4DFB438C1C70CABC00D5F725 /* PBXContainerItemProxy */;
		};
/* End PBXTargetDependency section */

/* Begin PBXVariantGroup section */
		4DFB43731C70CABC00D5F725 /* Main.storyboard */ = {
			isa = PBXVariantGroup;
			children = (
				4DFB43741C70CABC00D5F725 /* Base */,
			);
			name = Main.storyboard;
			sourceTree = "<group>";
		};
		4DFB43781C70CABC00D5F725 /* LaunchScreen.storyboard */ = {
			isa = PBXVariantGroup;
			children = (
				4DFB43791C70CABC00D5F725 /* Base */,
			);
			name = LaunchScreen.storyboard;
			sourceTree = "<group>";
		};
/* End PBXVariantGroup section */

/* Begin XCBuildConfiguration section */
		4DFB43921C70CABC00D5F725 /* Debug */ = {
			isa = XCBuildConfiguration;
			buildSettings = {
				ALWAYS_SEARCH_USER_PATHS = NO;
				CLANG_CXX_LANGUAGE_STANDARD = "gnu++0x";
				CLANG_CXX_LIBRARY = "libc++";
				CLANG_ENABLE_MODULES = YES;
				CLANG_ENABLE_OBJC_ARC = YES;
				CLANG_WARN_BOOL_CONVERSION = YES;
				CLANG_WARN_CONSTANT_CONVERSION = YES;
				CLANG_WARN_DIRECT_OBJC_ISA_USAGE = YES_ERROR;
				CLANG_WARN_EMPTY_BODY = YES;
				CLANG_WARN_ENUM_CONVERSION = YES;
				CLANG_WARN_INT_CONVERSION = YES;
				CLANG_WARN_OBJC_ROOT_CLASS = YES_ERROR;
				CLANG_WARN_UNREACHABLE_CODE = YES;
				CLANG_WARN__DUPLICATE_METHOD_MATCH = YES;
				"CODE_SIGN_IDENTITY[sdk=iphoneos*]" = "iPhone Developer";
				COPY_PHASE_STRIP = NO;
				DEBUG_INFORMATION_FORMAT = dwarf;
				ENABLE_STRICT_OBJC_MSGSEND = YES;
				ENABLE_TESTABILITY = YES;
				GCC_C_LANGUAGE_STANDARD = gnu99;
				GCC_DYNAMIC_NO_PIC = NO;
				GCC_NO_COMMON_BLOCKS = YES;
				GCC_OPTIMIZATION_LEVEL = 0;
				GCC_PREPROCESSOR_DEFINITIONS = (
					"DEBUG=1",
					"$(inherited)",
				);
				GCC_WARN_64_TO_32_BIT_CONVERSION = YES;
				GCC_WARN_ABOUT_RETURN_TYPE = YES_ERROR;
				GCC_WARN_UNDECLARED_SELECTOR = YES;
				GCC_WARN_UNINITIALIZED_AUTOS = YES_AGGRESSIVE;
				GCC_WARN_UNUSED_FUNCTION = YES;
				GCC_WARN_UNUSED_VARIABLE = YES;
				IPHONEOS_DEPLOYMENT_TARGET = 9.2;
				MTL_ENABLE_DEBUG_INFO = YES;
				ONLY_ACTIVE_ARCH = YES;
				SDKROOT = iphoneos;
				SWIFT_OPTIMIZATION_LEVEL = "-Onone";
			};
			name = Debug;
		};
		4DFB43931C70CABC00D5F725 /* Release */ = {
			isa = XCBuildConfiguration;
			buildSettings = {
				ALWAYS_SEARCH_USER_PATHS = NO;
				CLANG_CXX_LANGUAGE_STANDARD = "gnu++0x";
				CLANG_CXX_LIBRARY = "libc++";
				CLANG_ENABLE_MODULES = YES;
				CLANG_ENABLE_OBJC_ARC = YES;
				CLANG_WARN_BOOL_CONVERSION = YES;
				CLANG_WARN_CONSTANT_CONVERSION = YES;
				CLANG_WARN_DIRECT_OBJC_ISA_USAGE = YES_ERROR;
				CLANG_WARN_EMPTY_BODY = YES;
				CLANG_WARN_ENUM_CONVERSION = YES;
				CLANG_WARN_INT_CONVERSION = YES;
				CLANG_WARN_OBJC_ROOT_CLASS = YES_ERROR;
				CLANG_WARN_UNREACHABLE_CODE = YES;
				CLANG_WARN__DUPLICATE_METHOD_MATCH = YES;
				"CODE_SIGN_IDENTITY[sdk=iphoneos*]" = "iPhone Developer";
				COPY_PHASE_STRIP = NO;
				DEBUG_INFORMATION_FORMAT = "dwarf-with-dsym";
				ENABLE_NS_ASSERTIONS = NO;
				ENABLE_STRICT_OBJC_MSGSEND = YES;
				GCC_C_LANGUAGE_STANDARD = gnu99;
				GCC_NO_COMMON_BLOCKS = YES;
				GCC_WARN_64_TO_32_BIT_CONVERSION = YES;
				GCC_WARN_ABOUT_RETURN_TYPE = YES_ERROR;
				GCC_WARN_UNDECLARED_SELECTOR = YES;
				GCC_WARN_UNINITIALIZED_AUTOS = YES_AGGRESSIVE;
				GCC_WARN_UNUSED_FUNCTION = YES;
				GCC_WARN_UNUSED_VARIABLE = YES;
				IPHONEOS_DEPLOYMENT_TARGET = 9.2;
				MTL_ENABLE_DEBUG_INFO = NO;
				SDKROOT = iphoneos;
				VALIDATE_PRODUCT = YES;
			};
			name = Release;
		};
		4DFB43951C70CABC00D5F725 /* Debug */ = {
			isa = XCBuildConfiguration;
			buildSettings = {
				ASSETCATALOG_COMPILER_APPICON_NAME = AppIcon;
				INFOPLIST_FILE = Wordlisthonban/Info.plist;
				LD_RUNPATH_SEARCH_PATHS = "$(inherited) @executable_path/Frameworks";
				PRODUCT_BUNDLE_IDENTIFIER = com.litech.Wordlisthonban;
				PRODUCT_NAME = "$(TARGET_NAME)";
			};
			name = Debug;
		};
		4DFB43961C70CABC00D5F725 /* Release */ = {
			isa = XCBuildConfiguration;
			buildSettings = {
				ASSETCATALOG_COMPILER_APPICON_NAME = AppIcon;
				INFOPLIST_FILE = Wordlisthonban/Info.plist;
				LD_RUNPATH_SEARCH_PATHS = "$(inherited) @executable_path/Frameworks";
				PRODUCT_BUNDLE_IDENTIFIER = com.litech.Wordlisthonban;
				PRODUCT_NAME = "$(TARGET_NAME)";
			};
			name = Release;
		};
		4DFB43981C70CABC00D5F725 /* Debug */ = {
			isa = XCBuildConfiguration;
			buildSettings = {
				BUNDLE_LOADER = "$(TEST_HOST)";
				INFOPLIST_FILE = WordlisthonbanTests/Info.plist;
				LD_RUNPATH_SEARCH_PATHS = "$(inherited) @executable_path/Frameworks @loader_path/Frameworks";
				PRODUCT_BUNDLE_IDENTIFIER = com.litech.WordlisthonbanTests;
				PRODUCT_NAME = "$(TARGET_NAME)";
				TEST_HOST = "$(BUILT_PRODUCTS_DIR)/Wordlisthonban.app/Wordlisthonban";
			};
			name = Debug;
		};
		4DFB43991C70CABC00D5F725 /* Release */ = {
			isa = XCBuildConfiguration;
			buildSettings = {
				BUNDLE_LOADER = "$(TEST_HOST)";
				INFOPLIST_FILE = WordlisthonbanTests/Info.plist;
				LD_RUNPATH_SEARCH_PATHS = "$(inherited) @executable_path/Frameworks @loader_path/Frameworks";
				PRODUCT_BUNDLE_IDENTIFIER = com.litech.WordlisthonbanTests;
				PRODUCT_NAME = "$(TARGET_NAME)";
				TEST_HOST = "$(BUILT_PRODUCTS_DIR)/Wordlisthonban.app/Wordlisthonban";
			};
			name = Release;
		};
		4DFB439B1C70CABC00D5F725 /* Debug */ = {
			isa = XCBuildConfiguration;
			buildSettings = {
				INFOPLIST_FILE = WordlisthonbanUITests/Info.plist;
				LD_RUNPATH_SEARCH_PATHS = "$(inherited) @executable_path/Frameworks @loader_path/Frameworks";
				PRODUCT_BUNDLE_IDENTIFIER = com.litech.WordlisthonbanUITests;
				PRODUCT_NAME = "$(TARGET_NAME)";
				TEST_TARGET_NAME = Wordlisthonban;
				USES_XCTRUNNER = YES;
			};
			name = Debug;
		};
		4DFB439C1C70CABC00D5F725 /* Release */ = {
			isa = XCBuildConfiguration;
			buildSettings = {
				INFOPLIST_FILE = WordlisthonbanUITests/Info.plist;
				LD_RUNPATH_SEARCH_PATHS = "$(inherited) @executable_path/Frameworks @loader_path/Frameworks";
				PRODUCT_BUNDLE_IDENTIFIER = com.litech.WordlisthonbanUITests;
				PRODUCT_NAME = "$(TARGET_NAME)";
				TEST_TARGET_NAME = Wordlisthonban;
				USES_XCTRUNNER = YES;
			};
			name = Release;
		};
/* End XCBuildConfiguration section */

/* Begin XCConfigurationList section */
		4DFB43671C70CABC00D5F725 /* Build configuration list for PBXProject "Wordlisthonban" */ = {
			isa = XCConfigurationList;
			buildConfigurations = (
				4DFB43921C70CABC00D5F725 /* Debug */,
				4DFB43931C70CABC00D5F725 /* Release */,
			);
			defaultConfigurationIsVisible = 0;
			defaultConfigurationName = Release;
		};
		4DFB43941C70CABC00D5F725 /* Build configuration list for PBXNativeTarget "Wordlisthonban" */ = {
			isa = XCConfigurationList;
			buildConfigurations = (
				4DFB43951C70CABC00D5F725 /* Debug */,
				4DFB43961C70CABC00D5F725 /* Release */,
			);
			defaultConfigurationIsVisible = 0;
		};
		4DFB43971C70CABC00D5F725 /* Build configuration list for PBXNativeTarget "WordlisthonbanTests" */ = {
			isa = XCConfigurationList;
			buildConfigurations = (
				4DFB43981C70CABC00D5F725 /* Debug */,
				4DFB43991C70CABC00D5F725 /* Release */,
			);
			defaultConfigurationIsVisible = 0;
		};
		4DFB439A1C70CABC00D5F725 /* Build configuration list for PBXNativeTarget "WordlisthonbanUITests" */ = {
			isa = XCConfigurationList;
			buildConfigurations = (
				4DFB439B1C70CABC00D5F725 /* Debug */,
				4DFB439C1C70CABC00D5F725 /* Release */,
			);
			defaultConfigurationIsVisible = 0;
		};
/* End XCConfigurationList section */
	};
	rootObject = 4DFB43641C70CABC00D5F725 /* Project object */;
}
